
Microsoft Visual Studio Solution File, Format Version 12.00
# Visual Studio Version 17
VisualStudioVersion = 17.4.33205.214
MinimumVisualStudioVersion = 10.0.40219.1
Project("{9A19103F-16F7-4668-BE54-9A1E7A4F7556}") = "VisualScript", "VisualScript.csproj", "{CE38CC0C-77DD-40D3-BD40-FE9D38B35D69}"
EndProject
Project("{2150E333-8FDC-42A3-9474-1A3956D46DE8}") = "OtherFiles", "OtherFiles", "{C058266C-3339-40B1-A291-132E0ADDE9EF}"
	ProjectSection(SolutionItems) = preProject
		LICENSE = LICENSE
		README.md = README.md
	EndProjectSection
EndProject
Global
	GlobalSection(SolutionConfigurationPlatforms) = preSolution
		Debug|Any CPU = Debug|Any CPU
		Release|Any CPU = Release|Any CPU
	EndGlobalSection
	GlobalSection(ProjectConfigurationPlatforms) = postSolution
		{CE38CC0C-77DD-40D3-BD40-FE9D38B35D69}.Debug|Any CPU.ActiveCfg = Debug|Any CPU
		{CE38CC0C-77DD-40D3-BD40-FE9D38B35D69}.Debug|Any CPU.Build.0 = Debug|Any CPU
		{CE38CC0C-77DD-40D3-BD40-FE9D38B35D69}.Release|Any CPU.ActiveCfg = Release|Any CPU
		{CE38CC0C-77DD-40D3-BD40-FE9D38B35D69}.Release|Any CPU.Build.0 = Release|Any CPU
	EndGlobalSection
	GlobalSection(SolutionProperties) = preSolution
		HideSolutionNode = FALSE
	EndGlobalSection
	GlobalSection(ExtensibilityGlobals) = postSolution
		SolutionGuid = {15A16388-20B7-4B62-AB9A-BE95B630F10B}
	EndGlobalSection
EndGlobal
